
Microsoft Visual Studio Solution File, Format Version 12.00
# Visual Studio 15
VisualStudioVersion = 15.0.33423.255
MinimumVisualStudioVersion = 10.0.40219.1
Project("{FAE04EC0-301F-11D3-BF4B-00C04F79EFBC}") = "ImportToSpectrum", "WindowsFormsApp1\ImportToSpectrum.csproj", "{95554776-4DA5-4E37-9796-136F6BBC491E}"
EndProject
Global
	GlobalSection(SolutionConfigurationPlatforms) = preSolution
		Debug|Any CPU = Debug|Any CPU
		Debug|x86 = Debug|x86
		Release|Any CPU = Release|Any CPU
		Release|x86 = Release|x86
	EndGlobalSection
	GlobalSection(ProjectConfigurationPlatforms) = postSolution
		{95554776-4DA5-4E37-9796-136F6BBC491E}.Debug|Any CPU.ActiveCfg = Debug|Any CPU
		{95554776-4DA5-4E37-9796-136F6BBC491E}.Debug|Any CPU.Build.0 = Debug|Any CPU
		{95554776-4DA5-4E37-9796-136F6BBC491E}.Debug|x86.ActiveCfg = Debug|x86
		{95554776-4DA5-4E37-9796-136F6BBC491E}.Debug|x86.Build.0 = Debug|x86
		{95554776-4DA5-4E37-9796-136F6BBC491E}.Release|Any CPU.ActiveCfg = Release|Any CPU
		{95554776-4DA5-4E37-9796-136F6BBC491E}.Release|Any CPU.Build.0 = Release|Any CPU
		{95554776-4DA5-4E37-9796-136F6BBC491E}.Release|x86.ActiveCfg = Release|x86
		{95554776-4DA5-4E37-9796-136F6BBC491E}.Release|x86.Build.0 = Release|x86
	EndGlobalSection
	GlobalSection(SolutionProperties) = preSolution
		HideSolutionNode = FALSE
	EndGlobalSection
	GlobalSection(ExtensibilityGlobals) = postSolution
		SolutionGuid = {2E962986-5B4E-41BF-B968-6DC1F8A6EBB6}
	EndGlobalSection
EndGlobal
